dependencies:
  cmd_system:
    component_hash: null
    source:
      path: C:\Espressif\containers\v5.3\esp-idf\examples\system\console\advanced\components\cmd_system
      type: local
    version: '*'
  idf:
    component_hash: null
    source:
      type: idf
    version: 5.3.0
manifest_hash: 5a1157b1332deee2fa2ef402b8c5322c5b53dfc00d5d9110e57606b1f61d483b
target: esp32c6
version: 1.0.0
